github.com/dlclark/regexp2 v1.9.0 h1:pTK/l/3qYIKaRXuHnEnIf7Y5NxfRPfpb7dis6/gdlVI=
github.com/dlclark/regexp2 v1.9.0/go.mod h1:DHkYz0B9wPfa6wondMfaivmHpzrQ3v9q8cnmRbL6yW8=
github.com/sashabaranov/go-openai v1.9.5 h1:z1VCMXsfnug+U0ceTTIXr/L26AYl9jafqA9lptlSX0c=
github.com/sashabaranov/go-openai v1.9.5/go.mod h1:lj5b/K+zjTSFxVLijLSTDZuP7adOgerWeFyZLUhAKRg=
github.com/tzapio/tokenizer v0.0.4 h1:auz21PBRFaubj3JHD6V5TDn7s+qiG8ciORI+zXeTVyA=
github.com/tzapio/tokenizer v0.0.4/go.mod h1:4rOkxTkp0qhZoQGYhW1elsQjgymbEPYEuGEApY95qfQ=
